// !$*UTF8*$!
{
	archiveVersion = 1;
	classes = {
	};
	objectVersion = 46;
	objects = {

/* Begin PBXBuildFile section */
		2E61D1F618D8CA9400D22BEB /* Foundation.framework in Frameworks */ = {isa = PBXBuildFile; fileRef = 2E61D1F518D8CA9400D22BEB /* Foundation.framework */; };
		2E61D1F818D8CA9400D22BEB /* CoreGraphics.framework in Frameworks */ = {isa = PBXBuildFile; fileRef = 2E61D1F718D8CA9400D22BEB /* CoreGraphics.framework */; };
		2E61D1FA18D8CA9400D22BEB /* UIKit.framework in Frameworks */ = {isa = PBXBuildFile; fileRef = 2E61D1F918D8CA9400D22BEB /* UIKit.framework */; };
		2E61D20018D8CA9400D22BEB /* InfoPlist.strings in Resources */ = {isa = PBXBuildFile; fileRef = 2E61D1FE18D8CA9400D22BEB /* InfoPlist.strings */; };
		2E61D20218D8CA9400D22BEB /* main.m in Sources */ = {isa = PBXBuildFile; fileRef = 2E61D20118D8CA9400D22BEB /* main.m */; };
		2E61D20618D8CA9400D22BEB /* AppDelegate.m in Sources */ = {isa = PBXBuildFile; fileRef = 2E61D20518D8CA9400D22BEB /* AppDelegate.m */; };
		2E61D20918D8CA9400D22BEB /* Main_iPhone.storyboard in Resources */ = {isa = PBXBuildFile; fileRef = 2E61D20718D8CA9400D22BEB /* Main_iPhone.storyboard */; };
		2E61D20C18D8CA9400D22BEB /* Main_iPad.storyboard in Resources */ = {isa = PBXBuildFile; fileRef = 2E61D20A18D8CA9400D22BEB /* Main_iPad.storyboard */; };
		2E61D20F18D8CA9400D22BEB /* ViewController.m in Sources */ = {isa = PBXBuildFile; fileRef = 2E61D20E18D8CA9400D22BEB /* ViewController.m */; };
		2E61D21118D8CA9400D22BEB /* Images.xcassets in Resources */ = {isa = PBXBuildFile; fileRef = 2E61D21018D8CA9400D22BEB /* Images.xcassets */; };
		2E61D21818D8CA9500D22BEB /* XCTest.framework in Frameworks */ = {isa = PBXBuildFile; fileRef = 2E61D21718D8CA9500D22BEB /* XCTest.framework */; };
		2E61D21918D8CA9500D22BEB /* Foundation.framework in Frameworks */ = {isa = PBXBuildFile; fileRef = 2E61D1F518D8CA9400D22BEB /* Foundation.framework */; };
		2E61D21A18D8CA9500D22BEB /* UIKit.framework in Frameworks */ = {isa = PBXBuildFile; fileRef = 2E61D1F918D8CA9400D22BEB /* UIKit.framework */; };
		2E61D22218D8CA9500D22BEB /* InfoPlist.strings in Resources */ = {isa = PBXBuildFile; fileRef = 2E61D22018D8CA9500D22BEB /* InfoPlist.strings */; };
		2E61D22418D8CA9500D22BEB /* RecipePhotoTests.m in Sources */ = {isa = PBXBuildFile; fileRef = 2E61D22318D8CA9500D22BEB /* RecipePhotoTests.m */; };
/* End PBXBuildFile section */

/* Begin PBXContainerItemProxy section */
		2E61D21B18D8CA9500D22BEB /* PBXContainerItemProxy */ = {
			isa = PBXContainerItemProxy;
			containerPortal = 2E61D1EA18D8CA9400D22BEB /* Project object */;
			proxyType = 1;
			remoteGlobalIDString = 2E61D1F118D8CA9400D22BEB;
			remoteInfo = RecipePhoto;
		};
/* End PBXContainerItemProxy section */

/* Begin PBXFileReference section */
		2E61D1F218D8CA9400D22BEB /* RecipePhoto.app */ = {isa = PBXFileReference; explicitFileType = wrapper.application; includeInIndex = 0; path = RecipePhoto.app; sourceTree = BUILT_PRODUCTS_DIR; };
		2E61D1F518D8CA9400D22BEB /* Foundation.framework */ = {isa = PBXFileReference; lastKnownFileType = wrapper.framework; name = Foundation.framework; path = System/Library/Frameworks/Foundation.framework; sourceTree = SDKROOT; };
		2E61D1F718D8CA9400D22BEB /* CoreGraphics.framework */ = {isa = PBXFileReference; lastKnownFileType = wrapper.framework; name = CoreGraphics.framework; path = System/Library/Frameworks/CoreGraphics.framework; sourceTree = SDKROOT; };
		2E61D1F918D8CA9400D22BEB /* UIKit.framework */ = {isa = PBXFileReference; lastKnownFileType = wrapper.framework; name = UIKit.framework; path = System/Library/Frameworks/UIKit.framework; sourceTree = SDKROOT; };
		2E61D1FD18D8CA9400D22BEB /* RecipePhoto-Info.plist */ = {isa = PBXFileReference; lastKnownFileType = text.plist.xml; path = "RecipePhoto-Info.plist"; sourceTree = "<group>"; };
		2E61D1FF18D8CA9400D22BEB /* en */ = {isa = PBXFileReference; lastKnownFileType = text.plist.strings; name = en; path = en.lproj/InfoPlist.strings; sourceTree = "<group>"; };
		2E61D20118D8CA9400D22BEB /* main.m */ = {isa = PBXFileReference; lastKnownFileType = sourcecode.c.objc; path = main.m; sourceTree = "<group>"; };
		2E61D20318D8CA9400D22BEB /* RecipePhoto-Prefix.pch */ = {isa = PBXFileReference; lastKnownFileType = sourcecode.c.h; path = "RecipePhoto-Prefix.pch"; sourceTree = "<group>"; };
		2E61D20418D8CA9400D22BEB /* AppDelegate.h */ = {isa = PBXFileReference; lastKnownFileType = sourcecode.c.h; path = AppDelegate.h; sourceTree = "<group>"; };
		2E61D20518D8CA9400D22BEB /* AppDelegate.m */ = {isa = PBXFileReference; lastKnownFileType = sourcecode.c.objc; path = AppDelegate.m; sourceTree = "<group>"; };
		2E61D20818D8CA9400D22BEB /* Base */ = {isa = PBXFileReference; lastKnownFileType = file.storyboard; name = Base; path = Base.lproj/Main_iPhone.storyboard; sourceTree = "<group>"; };
		2E61D20B18D8CA9400D22BEB /* Base */ = {isa = PBXFileReference; lastKnownFileType = file.storyboard; name = Base; path = Base.lproj/Main_iPad.storyboard; sourceTree = "<group>"; };
		2E61D20D18D8CA9400D22BEB /* ViewController.h */ = {isa = PBXFileReference; lastKnownFileType = sourcecode.c.h; path = ViewController.h; sourceTree = "<group>"; };
		2E61D20E18D8CA9400D22BEB /* ViewController.m */ = {isa = PBXFileReference; lastKnownFileType = sourcecode.c.objc; path = ViewController.m; sourceTree = "<group>"; };
		2E61D21018D8CA9400D22BEB /* Images.xcassets */ = {isa = PBXFileReference; lastKnownFileType = folder.assetcatalog; path = Images.xcassets; sourceTree = "<group>"; };
		2E61D21618D8CA9500D22BEB /* RecipePhotoTests.xctest */ = {isa = PBXFileReference; explicitFileType = wrapper.cfbundle; includeInIndex = 0; path = RecipePhotoTests.xctest; sourceTree = BUILT_PRODUCTS_DIR; };
		2E61D21718D8CA9500D22BEB /* XCTest.framework */ = {isa = PBXFileReference; lastKnownFileType = wrapper.framework; name = XCTest.framework; path = Library/Frameworks/XCTest.framework; sourceTree = DEVELOPER_DIR; };
		2E61D21F18D8CA9500D22BEB /* RecipePhotoTests-Info.plist */ = {isa = PBXFileReference; lastKnownFileType = text.plist.xml; path = "RecipePhotoTests-Info.plist"; sourceTree = "<group>"; };
		2E61D22118D8CA9500D22BEB /* en */ = {isa = PBXFileReference; lastKnownFileType = text.plist.strings; name = en; path = en.lproj/InfoPlist.strings; sourceTree = "<group>"; };
		2E61D22318D8CA9500D22BEB /* RecipePhotoTests.m */ = {isa = PBXFileReference; lastKnownFileType = sourcecode.c.objc; path = RecipePhotoTests.m; sourceTree = "<group>"; };
/* End PBXFileReference section */

/* Begin PBXFrameworksBuildPhase section */
		2E61D1EF18D8CA9400D22BEB /* Frameworks */ = {
			isa = PBXFrameworksBuildPhase;
			buildActionMask = 2147483647;
			files = (
				2E61D1F818D8CA9400D22BEB /* CoreGraphics.framework in Frameworks */,
				2E61D1FA18D8CA9400D22BEB /* UIKit.framework in Frameworks */,
				2E61D1F618D8CA9400D22BEB /* Foundation.framework in Frameworks */,
			);
			runOnlyForDeploymentPostprocessing = 0;
		};
		2E61D21318D8CA9500D22BEB /* Frameworks */ = {
			isa = PBXFrameworksBuildPhase;
			buildActionMask = 2147483647;
			files = (
				2E61D21818D8CA9500D22BEB /* XCTest.framework in Frameworks */,
				2E61D21A18D8CA9500D22BEB /* UIKit.framework in Frameworks */,
				2E61D21918D8CA9500D22BEB /* Foundation.framework in Frameworks */,
			);
			runOnlyForDeploymentPostprocessing = 0;
		};
/* End PBXFrameworksBuildPhase section */

/* Begin PBXGroup section */
		2E61D1E918D8CA9400D22BEB = {
			isa = PBXGroup;
			children = (
				2E61D1FB18D8CA9400D22BEB /* RecipePhoto */,
				2E61D21D18D8CA9500D22BEB /* RecipePhotoTests */,
				2E61D1F418D8CA9400D22BEB /* Frameworks */,
				2E61D1F318D8CA9400D22BEB /* Products */,
			);
			sourceTree = "<group>";
		};
		2E61D1F318D8CA9400D22BEB /* Products */ = {
			isa = PBXGroup;
			children = (
				2E61D1F218D8CA9400D22BEB /* RecipePhoto.app */,
				2E61D21618D8CA9500D22BEB /* RecipePhotoTests.xctest */,
			);
			name = Products;
			sourceTree = "<group>";
		};
		2E61D1F418D8CA9400D22BEB /* Frameworks */ = {
			isa = PBXGroup;
			children = (
				2E61D1F518D8CA9400D22BEB /* Foundation.framework */,
				2E61D1F718D8CA9400D22BEB /* CoreGraphics.framework */,
				2E61D1F918D8CA9400D22BEB /* UIKit.framework */,
				2E61D21718D8CA9500D22BEB /* XCTest.framework */,
			);
			name = Frameworks;
			sourceTree = "<group>";
		};
		2E61D1FB18D8CA9400D22BEB /* RecipePhoto */ = {
			isa = PBXGroup;
			children = (
				2E61D20418D8CA9400D22BEB /* AppDelegate.h */,
				2E61D20518D8CA9400D22BEB /* AppDelegate.m */,
				2E61D20718D8CA9400D22BEB /* Main_iPhone.storyboard */,
				2E61D20A18D8CA9400D22BEB /* Main_iPad.storyboard */,
				2E61D20D18D8CA9400D22BEB /* ViewController.h */,
				2E61D20E18D8CA9400D22BEB /* ViewController.m */,
				2E61D21018D8CA9400D22BEB /* Images.xcassets */,
				2E61D1FC18D8CA9400D22BEB /* Supporting Files */,
			);
			path = RecipePhoto;
			sourceTree = "<group>";
		};
		2E61D1FC18D8CA9400D22BEB /* Supporting Files */ = {
			isa = PBXGroup;
			children = (
				2E61D1FD18D8CA9400D22BEB /* RecipePhoto-Info.plist */,
				2E61D1FE18D8CA9400D22BEB /* InfoPlist.strings */,
				2E61D20118D8CA9400D22BEB /* main.m */,
				2E61D20318D8CA9400D22BEB /* RecipePhoto-Prefix.pch */,
			);
			name = "Supporting Files";
			sourceTree = "<group>";
		};
		2E61D21D18D8CA9500D22BEB /* RecipePhotoTests */ = {
			isa = PBXGroup;
			children = (
				2E61D22318D8CA9500D22BEB /* RecipePhotoTests.m */,
				2E61D21E18D8CA9500D22BEB /* Supporting Files */,
			);
			path = RecipePhotoTests;
			sourceTree = "<group>";
		};
		2E61D21E18D8CA9500D22BEB /* Supporting Files */ = {
			isa = PBXGroup;
			children = (
				2E61D21F18D8CA9500D22BEB /* RecipePhotoTests-Info.plist */,
				2E61D22018D8CA9500D22BEB /* InfoPlist.strings */,
			);
			name = "Supporting Files";
			sourceTree = "<group>";
		};
/* End PBXGroup section */

/* Begin PBXNativeTarget section */
		2E61D1F118D8CA9400D22BEB /* RecipePhoto */ = {
			isa = PBXNativeTarget;
			buildConfigurationList = 2E61D22718D8CA9500D22BEB /* Build configuration list for PBXNativeTarget "RecipePhoto" */;
			buildPhases = (
				2E61D1EE18D8CA9400D22BEB /* Sources */,
				2E61D1EF18D8CA9400D22BEB /* Frameworks */,
				2E61D1F018D8CA9400D22BEB /* Resources */,
			);
			buildRules = (
			);
			dependencies = (
			);
			name = RecipePhoto;
			productName = RecipePhoto;
			productReference = 2E61D1F218D8CA9400D22BEB /* RecipePhoto.app */;
			productType = "com.apple.product-type.application";
		};
		2E61D21518D8CA9500D22BEB /* RecipePhotoTests */ = {
			isa = PBXNativeTarget;
			buildConfigurationList = 2E61D22A18D8CA9500D22BEB /* Build configuration list for PBXNativeTarget "RecipePhotoTests" */;
			buildPhases = (
				2E61D21218D8CA9500D22BEB /* Sources */,
				2E61D21318D8CA9500D22BEB /* Frameworks */,
				2E61D21418D8CA9500D22BEB /* Resources */,
			);
			buildRules = (
			);
			dependencies = (
				2E61D21C18D8CA9500D22BEB /* PBXTargetDependency */,
			);
			name = RecipePhotoTests;
			productName = RecipePhotoTests;
			productReference = 2E61D21618D8CA9500D22BEB /* RecipePhotoTests.xctest */;
			productType = "com.apple.product-type.bundle.unit-test";
		};
/* End PBXNativeTarget section */

/* Begin PBXProject section */
		2E61D1EA18D8CA9400D22BEB /* Project object */ = {
			isa = PBXProject;
			attributes = {
				LastUpgradeCheck = 0510;
				ORGANIZATIONNAME = "___FULLUSERNAME___";
				TargetAttributes = {
					2E61D21518D8CA9500D22BEB = {
						TestTargetID = 2E61D1F118D8CA9400D22BEB;
					};
				};
			};
			buildConfigurationList = 2E61D1ED18D8CA9400D22BEB /* Build configuration list for PBXProject "RecipePhoto" */;
			compatibilityVersion = "Xcode 3.2";
			developmentRegion = English;
			hasScannedForEncodings = 0;
			knownRegions = (
				en,
				Base,
			);
			mainGroup = 2E61D1E918D8CA9400D22BEB;
			productRefGroup = 2E61D1F318D8CA9400D22BEB /* Products */;
			projectDirPath = "";
			projectRoot = "";
			targets = (
				2E61D1F118D8CA9400D22BEB /* RecipePhoto */,
				2E61D21518D8CA9500D22BEB /* RecipePhotoTests */,
			);
		};
/* End PBXProject section */

/* Begin PBXResourcesBuildPhase section */
		2E61D1F018D8CA9400D22BEB /* Resources */ = {
			isa = PBXResourcesBuildPhase;
			buildActionMask = 2147483647;
			files = (
				2E61D20C18D8CA9400D22BEB /* Main_iPad.storyboard in Resources */,
				2E61D21118D8CA9400D22BEB /* Images.xcassets in Resources */,
				2E61D20918D8CA9400D22BEB /* Main_iPhone.storyboard in Resources */,
				2E61D20018D8CA9400D22BEB /* InfoPlist.strings in Resources */,
			);
			runOnlyForDeploymentPostprocessing = 0;
		};
		2E61D21418D8CA9500D22BEB /* Resources */ = {
			isa = PBXResourcesBuildPhase;
			buildActionMask = 2147483647;
			files = (
				2E61D22218D8CA9500D22BEB /* InfoPlist.strings in Resources */,
			);
			runOnlyForDeploymentPostprocessing = 0;
		};
/* End PBXResourcesBuildPhase section */

/* Begin PBXSourcesBuildPhase section */
		2E61D1EE18D8CA9400D22BEB /* Sources */ = {
			isa = PBXSourcesBuildPhase;
			buildActionMask = 2147483647;
			files = (
				2E61D20F18D8CA9400D22BEB /* ViewController.m in Sources */,
				2E61D20618D8CA9400D22BEB /* AppDelegate.m in Sources */,
				2E61D20218D8CA9400D22BEB /* main.m in Sources */,
			);
			runOnlyForDeploymentPostprocessing = 0;
		};
		2E61D21218D8CA9500D22BEB /* Sources */ = {
			isa = PBXSourcesBuildPhase;
			buildActionMask = 2147483647;
			files = (
				2E61D22418D8CA9500D22BEB /* RecipePhotoTests.m in Sources */,
			);
			runOnlyForDeploymentPostprocessing = 0;
		};
/* End PBXSourcesBuildPhase section */

/* Begin PBXTargetDependency section */
		2E61D21C18D8CA9500D22BEB /* PBXTargetDependency */ = {
			isa = PBXTargetDependency;
			target = 2E61D1F118D8CA9400D22BEB /* RecipePhoto */;
			targetProxy = 2E61D21B18D8CA9500D22BEB /* PBXContainerItemProxy */;
		};
/* End PBXTargetDependency section */

/* Begin PBXVariantGroup section */
		2E61D1FE18D8CA9400D22BEB /* InfoPlist.strings */ = {
			isa = PBXVariantGroup;
			children = (
				2E61D1FF18D8CA9400D22BEB /* en */,
			);
			name = InfoPlist.strings;
			sourceTree = "<group>";
		};
		2E61D20718D8CA9400D22BEB /* Main_iPhone.storyboard */ = {
			isa = PBXVariantGroup;
			children = (
				2E61D20818D8CA9400D22BEB /* Base */,
			);
			name = Main_iPhone.storyboard;
			sourceTree = "<group>";
		};
		2E61D20A18D8CA9400D22BEB /* Main_iPad.storyboard */ = {
			isa = PBXVariantGroup;
			children = (
				2E61D20B18D8CA9400D22BEB /* Base */,
			);
			name = Main_iPad.storyboard;
			sourceTree = "<group>";
		};
		2E61D22018D8CA9500D22BEB /* InfoPlist.strings */ = {
			isa = PBXVariantGroup;
			children = (
				2E61D22118D8CA9500D22BEB /* en */,
			);
			name = InfoPlist.strings;
			sourceTree = "<group>";
		};
/* End PBXVariantGroup section */

/* Begin XCBuildConfiguration section */
		2E61D22518D8CA9500D22BEB /* Debug */ = {
			isa = XCBuildConfiguration;
			buildSettings = {
				ALWAYS_SEARCH_USER_PATHS = NO;
				CLANG_CXX_LANGUAGE_STANDARD = "gnu++0x";
				CLANG_CXX_LIBRARY = "libc++";
				CLANG_ENABLE_MODULES = YES;
				CLANG_ENABLE_OBJC_ARC = YES;
				CLANG_WARN_BOOL_CONVERSION = YES;
				CLANG_WARN_CONSTANT_CONVERSION = YES;
				CLANG_WARN_DIRECT_OBJC_ISA_USAGE = YES_ERROR;
				CLANG_WARN_EMPTY_BODY = YES;
				CLANG_WARN_ENUM_CONVERSION = YES;
				CLANG_WARN_INT_CONVERSION = YES;
				CLANG_WARN_OBJC_ROOT_CLASS = YES_ERROR;
				CLANG_WARN__DUPLICATE_METHOD_MATCH = YES;
				"CODE_SIGN_IDENTITY[sdk=iphoneos*]" = "iPhone Developer";
				COPY_PHASE_STRIP = NO;
				GCC_C_LANGUAGE_STANDARD = gnu99;
				GCC_DYNAMIC_NO_PIC = NO;
				GCC_OPTIMIZATION_LEVEL = 0;
				GCC_PREPROCESSOR_DEFINITIONS = (
					"DEBUG=1",
					"$(inherited)",
				);
				GCC_SYMBOLS_PRIVATE_EXTERN = NO;
				GCC_WARN_64_TO_32_BIT_CONVERSION = YES;
				GCC_WARN_ABOUT_RETURN_TYPE = YES_ERROR;
				GCC_WARN_UNDECLARED_SELECTOR = YES;
				GCC_WARN_UNINITIALIZED_AUTOS = YES_AGGRESSIVE;
				GCC_WARN_UNUSED_FUNCTION = YES;
				GCC_WARN_UNUSED_VARIABLE = YES;
				IPHONEOS_DEPLOYMENT_TARGET = 7.1;
				ONLY_ACTIVE_ARCH = YES;
				SDKROOT = iphoneos;
				TARGETED_DEVICE_FAMILY = "1,2";
			};
			name = Debug;
		};
		2E61D22618D8CA9500D22BEB /* Release */ = {
			isa = XCBuildConfiguration;
			buildSettings = {
				ALWAYS_SEARCH_USER_PATHS = NO;
				CLANG_CXX_LANGUAGE_STANDARD = "gnu++0x";
				CLANG_CXX_LIBRARY = "libc++";
				CLANG_ENABLE_MODULES = YES;
				CLANG_ENABLE_OBJC_ARC = YES;
				CLANG_WARN_BOOL_CONVERSION = YES;
				CLANG_WARN_CONSTANT_CONVERSION = YES;
				CLANG_WARN_DIRECT_OBJC_ISA_USAGE = YES_ERROR;
				CLANG_WARN_EMPTY_BODY = YES;
				CLANG_WARN_ENUM_CONVERSION = YES;
				CLANG_WARN_INT_CONVERSION = YES;
				CLANG_WARN_OBJC_ROOT_CLASS = YES_ERROR;
				CLANG_WARN__DUPLICATE_METHOD_MATCH = YES;
				"CODE_SIGN_IDENTITY[sdk=iphoneos*]" = "iPhone Developer";
				COPY_PHASE_STRIP = YES;
				ENABLE_NS_ASSERTIONS = NO;
				GCC_C_LANGUAGE_STANDARD = gnu99;
				GCC_WARN_64_TO_32_BIT_CONVERSION = YES;
				GCC_WARN_ABOUT_RETURN_TYPE = YES_ERROR;
				GCC_WARN_UNDECLARED_SELECTOR = YES;
				GCC_WARN_UNINITIALIZED_AUTOS = YES_AGGRESSIVE;
				GCC_WARN_UNUSED_FUNCTION = YES;
				GCC_WARN_UNUSED_VARIABLE = YES;
				IPHONEOS_DEPLOYMENT_TARGET = 7.1;
				SDKROOT = iphoneos;
				TARGETED_DEVICE_FAMILY = "1,2";
				VALIDATE_PRODUCT = YES;
			};
			name = Release;
		};
		2E61D22818D8CA9500D22BEB /* Debug */ = {
			isa = XCBuildConfiguration;
			buildSettings = {
				ASSETCATALOG_COMPILER_APPICON_NAME = AppIcon;
				ASSETCATALOG_COMPILER_LAUNCHIMAGE_NAME = LaunchImage;
				GCC_PRECOMPILE_PREFIX_HEADER = YES;
				GCC_PREFIX_HEADER = "RecipePhoto/RecipePhoto-Prefix.pch";
				INFOPLIST_FILE = "RecipePhoto/RecipePhoto-Info.plist";
				PRODUCT_NAME = "$(TARGET_NAME)";
				WRAPPER_EXTENSION = app;
			};
			name = Debug;
		};
		2E61D22918D8CA9500D22BEB /* Release */ = {
			isa = XCBuildConfiguration;
			buildSettings = {
				ASSETCATALOG_COMPILER_APPICON_NAME = AppIcon;
				ASSETCATALOG_COMPILER_LAUNCHIMAGE_NAME = LaunchImage;
				GCC_PRECOMPILE_PREFIX_HEADER = YES;
				GCC_PREFIX_HEADER = "RecipePhoto/RecipePhoto-Prefix.pch";
				INFOPLIST_FILE = "RecipePhoto/RecipePhoto-Info.plist";
				PRODUCT_NAME = "$(TARGET_NAME)";
				WRAPPER_EXTENSION = app;
			};
			name = Release;
		};
		2E61D22B18D8CA9500D22BEB /* Debug */ = {
			isa = XCBuildConfiguration;
			buildSettings = {
				BUNDLE_LOADER = "$(BUILT_PRODUCTS_DIR)/RecipePhoto.app/RecipePhoto";
				FRAMEWORK_SEARCH_PATHS = (
					"$(SDKROOT)/Developer/Library/Frameworks",
					"$(inherited)",
					"$(DEVELOPER_FRAMEWORKS_DIR)",
				);
				GCC_PRECOMPILE_PREFIX_HEADER = YES;
				GCC_PREFIX_HEADER = "RecipePhoto/RecipePhoto-Prefix.pch";
				GCC_PREPROCESSOR_DEFINITIONS = (
					"DEBUG=1",
					"$(inherited)",
				);
				INFOPLIST_FILE = "RecipePhotoTests/RecipePhotoTests-Info.plist";
				PRODUCT_NAME = "$(TARGET_NAME)";
				TEST_HOST = "$(BUNDLE_LOADER)";
				WRAPPER_EXTENSION = xctest;
			};
			name = Debug;
		};
		2E61D22C18D8CA9500D22BEB /* Release */ = {
			isa = XCBuildConfiguration;
			buildSettings = {
				BUNDLE_LOADER = "$(BUILT_PRODUCTS_DIR)/RecipePhoto.app/RecipePhoto";
				FRAMEWORK_SEARCH_PATHS = (
					"$(SDKROOT)/Developer/Library/Frameworks",
					"$(inherited)",
					"$(DEVELOPER_FRAMEWORKS_DIR)",
				);
				GCC_PRECOMPILE_PREFIX_HEADER = YES;
				GCC_PREFIX_HEADER = "RecipePhoto/RecipePhoto-Prefix.pch";
				INFOPLIST_FILE = "RecipePhotoTests/RecipePhotoTests-Info.plist";
				PRODUCT_NAME = "$(TARGET_NAME)";
				TEST_HOST = "$(BUNDLE_LOADER)";
				WRAPPER_EXTENSION = xctest;
			};
			name = Release;
		};
/* End XCBuildConfiguration section */

/* Begin XCConfigurationList section */
		2E61D1ED18D8CA9400D22BEB /* Build configuration list for PBXProject "RecipePhoto" */ = {
			isa = XCConfigurationList;
			buildConfigurations = (
				2E61D22518D8CA9500D22BEB /* Debug */,
				2E61D22618D8CA9500D22BEB /* Release */,
			);
			defaultConfigurationIsVisible = 0;
			defaultConfigurationName = Release;
		};
		2E61D22718D8CA9500D22BEB /* Build configuration list for PBXNativeTarget "RecipePhoto" */ = {
			isa = XCConfigurationList;
			buildConfigurations = (
				2E61D22818D8CA9500D22BEB /* Debug */,
				2E61D22918D8CA9500D22BEB /* Release */,
			);
			defaultConfigurationIsVisible = 0;
		};
		2E61D22A18D8CA9500D22BEB /* Build configuration list for PBXNativeTarget "RecipePhotoTests" */ = {
			isa = XCConfigurationList;
			buildConfigurations = (
				2E61D22B18D8CA9500D22BEB /* Debug */,
				2E61D22C18D8CA9500D22BEB /* Release */,
			);
			defaultConfigurationIsVisible = 0;
		};
/* End XCConfigurationList section */
	};
	rootObject = 2E61D1EA18D8CA9400D22BEB /* Project object */;
}
